
Microsoft Visual Studio Solution File, Format Version 12.00
# Visual Studio 15
VisualStudioVersion = 15.0.26730.16
MinimumVisualStudioVersion = 10.0.40219.1
Project("{8BC9CEB8-8B4A-11D0-8D11-00A0C91BC942}") = "Build_XY", "Build_XY\Build_XY.vcxproj", "{F66694D9-5835-42E0-93D5-1F301B0FBDAE}"
EndProject
Global
	GlobalSection(SolutionConfigurationPlatforms) = preSolution
		Debug|x64 = Debug|x64
		Debug|x86 = Debug|x86
		Release|x64 = Release|x64
		Release|x86 = Release|x86
	EndGlobalSection
	GlobalSection(ProjectConfigurationPlatforms) = postSolution
		{F66694D9-5835-42E0-93D5-1F301B0FBDAE}.Debug|x64.ActiveCfg = Debug|x64
		{F66694D9-5835-42E0-93D5-1F301B0FBDAE}.Debug|x64.Build.0 = Debug|x64
		{F66694D9-5835-42E0-93D5-1F301B0FBDAE}.Debug|x86.ActiveCfg = Debug|Win32
		{F66694D9-5835-42E0-93D5-1F301B0FBDAE}.Debug|x86.Build.0 = Debug|Win32
		{F66694D9-5835-42E0-93D5-1F301B0FBDAE}.Release|x64.ActiveCfg = Release|x64
		{F66694D9-5835-42E0-93D5-1F301B0FBDAE}.Release|x64.Build.0 = Release|x64
		{F66694D9-5835-42E0-93D5-1F301B0FBDAE}.Release|x86.ActiveCfg = Release|Win32
		{F66694D9-5835-42E0-93D5-1F301B0FBDAE}.Release|x86.Build.0 = Release|Win32
	EndGlobalSection
	GlobalSection(SolutionProperties) = preSolution
		HideSolutionNode = FALSE
	EndGlobalSection
	GlobalSection(ExtensibilityGlobals) = postSolution
		SolutionGuid = {67159F5A-9BBD-4237-AEE2-F17DA62B5A61}
	EndGlobalSection
EndGlobal
